// !$*UTF8*$!
{
	archiveVersion = 1;
	classes = {
	};
	objectVersion = 77;
	objects = {

/* Begin PBXBuildFile section */
		A10000000000000000000001 /* main.swift in Sources */ = {isa = PBXBuildFile; fileRef = B10000000000000000000001 /* main.swift */; };
		A10000000000000000000002 /* AppDelegate.swift in Sources */ = {isa = PBXBuildFile; fileRef = B10000000000000000000002 /* AppDelegate.swift */; };
		A10000000000000000000003 /* AppConfig.swift in Sources */ = {isa = PBXBuildFile; fileRef = B10000000000000000000003 /* AppConfig.swift */; };
		A10000000000000000000004 /* GlobalHotKey.swift in Sources */ = {isa = PBXBuildFile; fileRef = B10000000000000000000004 /* GlobalHotKey.swift */; };
		A10000000000000000000005 /* DictionaryPanelController.swift in Sources */ = {isa = PBXBuildFile; fileRef = B10000000000000000000005 /* DictionaryPanelController.swift */; };
		A10000000000000000000006 /* HTMLTextCleaner.swift in Sources */ = {isa = PBXBuildFile; fileRef = B10000000000000000000006 /* HTMLTextCleaner.swift */; };
		A10000000000000000000007 /* DictionaryCoreBridge.mm in Sources */ = {isa = PBXBuildFile; fileRef = B10000000000000000000007 /* DictionaryCoreBridge.mm */; };
		A10000000000000000000008 /* SQLiteDictionaryCore.cpp in Sources */ = {isa = PBXBuildFile; fileRef = B10000000000000000000008 /* SQLiteDictionaryCore.cpp */; };
		A10000000000000000000009 /* mdict.cc in Sources */ = {isa = PBXBuildFile; fileRef = B10000000000000000000009 /* mdict.cc */; };
		A1000000000000000000000A /* binutils.cc in Sources */ = {isa = PBXBuildFile; fileRef = B1000000000000000000000A /* binutils.cc */; };
		A1000000000000000000000B /* adler32.cc in Sources */ = {isa = PBXBuildFile; fileRef = B1000000000000000000000B /* adler32.cc */; };
		A1000000000000000000000C /* rmd128.c in Sources */ = {isa = PBXBuildFile; fileRef = B1000000000000000000000C /* rmd128.c */; };
		A1000000000000000000000D /* miniz.c in Sources */ = {isa = PBXBuildFile; fileRef = B1000000000000000000000D /* miniz.c */; };
		A1000000000000000000000E /* miniz_tinfl.c in Sources */ = {isa = PBXBuildFile; fileRef = B1000000000000000000000E /* miniz_tinfl.c */; };
		A1000000000000000000000F /* miniz_tdef.c in Sources */ = {isa = PBXBuildFile; fileRef = B1000000000000000000000F /* miniz_tdef.c */; };
		A10000000000000000000046 /* RIPEMD128Adapter.c in Sources */ = {isa = PBXBuildFile; fileRef = B10000000000000000000050 /* RIPEMD128Adapter.c */; };
		A10000000000000000000074 /* ManagedMDictSource.cpp in Sources */ = {isa = PBXBuildFile; fileRef = B10000000000000000000074 /* ManagedMDictSource.cpp */; };
		A10000000000000000000076 /* FDBoundSQLiteReadOnlyVFS.cpp in Sources */ = {isa = PBXBuildFile; fileRef = B10000000000000000000076 /* FDBoundSQLiteReadOnlyVFS.cpp */; };
		A10000000000000000000077 /* PublishedIndexIdentityAdapter.swift in Sources */ = {isa = PBXBuildFile; fileRef = B10000000000000000000078 /* PublishedIndexIdentityAdapter.swift */; };
		A10000000000000000000012 /* Cocoa.framework in Frameworks */ = {isa = PBXBuildFile; fileRef = B10000000000000000000012 /* Cocoa.framework */; };
		A10000000000000000000013 /* Carbon.framework in Frameworks */ = {isa = PBXBuildFile; fileRef = B10000000000000000000013 /* Carbon.framework */; };
		A10000000000000000000014 /* libsqlite3.tbd in Frameworks */ = {isa = PBXBuildFile; fileRef = B10000000000000000000014 /* libsqlite3.tbd */; };
		A10000000000000000000015 /* OxfordEntryFormatter.mm in Sources */ = {isa = PBXBuildFile; fileRef = B1000000000000000000001A /* OxfordEntryFormatter.mm */; };
		A10000000000000000000016 /* libxml2.tbd in Frameworks */ = {isa = PBXBuildFile; fileRef = B1000000000000000000001C /* libxml2.tbd */; };
		A10000000000000000000017 /* AccessibilitySelection.swift in Sources */ = {isa = PBXBuildFile; fileRef = B1000000000000000000001D /* AccessibilitySelection.swift */; };
		A10000000000000000000018 /* ApplicationServices.framework in Frameworks */ = {isa = PBXBuildFile; fileRef = B1000000000000000000001E /* ApplicationServices.framework */; };
		A10000000000000000000019 /* ClipboardSelectionFallback.swift in Sources */ = {isa = PBXBuildFile; fileRef = B1000000000000000000001F /* ClipboardSelectionFallback.swift */; };
		A1000000000000000000001A /* ObsidianNoteStore.swift in Sources */ = {isa = PBXBuildFile; fileRef = B10000000000000000000020 /* ObsidianNoteStore.swift */; };
		A1000000000000000000001B /* ObsidianNotePicker.swift in Sources */ = {isa = PBXBuildFile; fileRef = B10000000000000000000021 /* ObsidianNotePicker.swift */; };
		A1000000000000000000001C /* SupplementalEntryFormatters.mm in Sources */ = {isa = PBXBuildFile; fileRef = B10000000000000000000022 /* SupplementalEntryFormatters.mm */; };
		A1000000000000000000001D /* DictionarySemanticModel.mm in Sources */ = {isa = PBXBuildFile; fileRef = B10000000000000000000024 /* DictionarySemanticModel.mm */; };
		A1000000000000000000001E /* AIProviderConfiguration.swift in Sources */ = {isa = PBXBuildFile; fileRef = B10000000000000000000026 /* AIProviderConfiguration.swift */; };
		A1000000000000000000001F /* AIKeychainStore.swift in Sources */ = {isa = PBXBuildFile; fileRef = B10000000000000000000027 /* AIKeychainStore.swift */; };
		A10000000000000000000020 /* AIProviderClient.swift in Sources */ = {isa = PBXBuildFile; fileRef = B10000000000000000000028 /* AIProviderClient.swift */; };
		A10000000000000000000021 /* AIExplanationCache.swift in Sources */ = {isa = PBXBuildFile; fileRef = B10000000000000000000029 /* AIExplanationCache.swift */; };
		A10000000000000000000022 /* AIExplanationService.swift in Sources */ = {isa = PBXBuildFile; fileRef = B1000000000000000000002A /* AIExplanationService.swift */; };
		A10000000000000000000023 /* AIEntryFormatter.swift in Sources */ = {isa = PBXBuildFile; fileRef = B1000000000000000000002B /* AIEntryFormatter.swift */; };
		A10000000000000000000024 /* AISettingsWindowController.swift in Sources */ = {isa = PBXBuildFile; fileRef = B1000000000000000000002C /* AISettingsWindowController.swift */; };
		A10000000000000000000025 /* Security.framework in Frameworks */ = {isa = PBXBuildFile; fileRef = B1000000000000000000002D /* Security.framework */; };
		A10000000000000000000026 /* AIExplanationMarkdownFormatter.swift in Sources */ = {isa = PBXBuildFile; fileRef = B1000000000000000000002E /* AIExplanationMarkdownFormatter.swift */; };
		A10000000000000000000027 /* QueryIntentClassifier.swift in Sources */ = {isa = PBXBuildFile; fileRef = B1000000000000000000002F /* QueryIntentClassifier.swift */; };
		A10000000000000000000028 /* AISentenceAnalysis.swift in Sources */ = {isa = PBXBuildFile; fileRef = B10000000000000000000030 /* AISentenceAnalysis.swift */; };
		A10000000000000000000029 /* AISentenceEntryFormatter.swift in Sources */ = {isa = PBXBuildFile; fileRef = B10000000000000000000031 /* AISentenceEntryFormatter.swift */; };
		A1000000000000000000002A /* LocalSentenceGlossaryService.swift in Sources */ = {isa = PBXBuildFile; fileRef = B10000000000000000000032 /* LocalSentenceGlossaryService.swift */; };
		A1000000000000000000002B /* LocalSentenceGlossaryFormatter.swift in Sources */ = {isa = PBXBuildFile; fileRef = B10000000000000000000033 /* LocalSentenceGlossaryFormatter.swift */; };
		A1000000000000000000002C /* SentenceAnalysisMarkdownFormatter.swift in Sources */ = {isa = PBXBuildFile; fileRef = B10000000000000000000034 /* SentenceAnalysisMarkdownFormatter.swift */; };
		A1000000000000000000002D /* AIProviderProfileManager.swift in Sources */ = {isa = PBXBuildFile; fileRef = B10000000000000000000035 /* AIProviderProfileManager.swift */; };
		A1000000000000000000002E /* AIProviderSettingsSession.swift in Sources */ = {isa = PBXBuildFile; fileRef = B10000000000000000000036 /* AIProviderSettingsSession.swift */; };
		A1000000000000000000002F /* AIProviderCredentialSession.swift in Sources */ = {isa = PBXBuildFile; fileRef = B10000000000000000000037 /* AIProviderCredentialSession.swift */; };
		A10000000000000000000030 /* InlineLookupModels.swift in Sources */ = {isa = PBXBuildFile; fileRef = B10000000000000000000038 /* InlineLookupModels.swift */; };
		A10000000000000000000031 /* Assets.xcassets in Resources */ = {isa = PBXBuildFile; fileRef = B10000000000000000000039 /* Assets.xcassets */; };
		A10000000000000000000032 /* DictionaryCatalog.swift in Sources */ = {isa = PBXBuildFile; fileRef = B1000000000000000000003A /* DictionaryCatalog.swift */; };
		A10000000000000000000033 /* DictionaryCatalogStore.swift in Sources */ = {isa = PBXBuildFile; fileRef = B1000000000000000000003B /* DictionaryCatalogStore.swift */; };
		A10000000000000000000034 /* LegacyDictionaryConfigAdapter.swift in Sources */ = {isa = PBXBuildFile; fileRef = B1000000000000000000003C /* LegacyDictionaryConfigAdapter.swift */; };
		A10000000000000000000035 /* DictionaryManagerWindowController.swift in Sources */ = {isa = PBXBuildFile; fileRef = B1000000000000000000003D /* DictionaryManagerWindowController.swift */; };
		A10000000000000000000036 /* DictionaryImportModels.swift in Sources */ = {isa = PBXBuildFile; fileRef = B1000000000000000000003E /* DictionaryImportModels.swift */; };
		A10000000000000000000037 /* MDictImportInspector.swift in Sources */ = {isa = PBXBuildFile; fileRef = B1000000000000000000003F /* MDictImportInspector.swift */; };
		A10000000000000000000038 /* DictionaryImportService.swift in Sources */ = {isa = PBXBuildFile; fileRef = B10000000000000000000040 /* DictionaryImportService.swift */; };
		A10000000000000000000039 /* DictionaryImportPreviewAccessory.swift in Sources */ = {isa = PBXBuildFile; fileRef = B10000000000000000000041 /* DictionaryImportPreviewAccessory.swift */; };
		A1000000000000000000003A /* DictionaryIndexModels.swift in Sources */ = {isa = PBXBuildFile; fileRef = B10000000000000000000042 /* DictionaryIndexModels.swift */; };
		A1000000000000000000003B /* DictionaryIndexBuilderAdapter.swift in Sources */ = {isa = PBXBuildFile; fileRef = B10000000000000000000043 /* DictionaryIndexBuilderAdapter.swift */; };
		A1000000000000000000003C /* DictionaryIndexingService.swift in Sources */ = {isa = PBXBuildFile; fileRef = B10000000000000000000044 /* DictionaryIndexingService.swift */; };
		A1000000000000000000003D /* GenericMDictEntryFormatter.mm in Sources */ = {isa = PBXBuildFile; fileRef = B10000000000000000000046 /* GenericMDictEntryFormatter.mm */; };
		A1000000000000000000003E /* ManagedDictionaryQueryModels.swift in Sources */ = {isa = PBXBuildFile; fileRef = B10000000000000000000047 /* ManagedDictionaryQueryModels.swift */; };
		A1000000000000000000003F /* ManagedDictionaryQueryRuntime.swift in Sources */ = {isa = PBXBuildFile; fileRef = B10000000000000000000048 /* ManagedDictionaryQueryRuntime.swift */; };
		A10000000000000000000040 /* GenericManagedDictionaryPresenter.swift in Sources */ = {isa = PBXBuildFile; fileRef = B10000000000000000000049 /* GenericManagedDictionaryPresenter.swift */; };
		A10000000000000000000041 /* DictionaryCatalogOrdering.swift in Sources */ = {isa = PBXBuildFile; fileRef = B1000000000000000000004A /* DictionaryCatalogOrdering.swift */; };
		A10000000000000000000042 /* ManagedDictionaryRemoval.swift in Sources */ = {isa = PBXBuildFile; fileRef = B1000000000000000000004B /* ManagedDictionaryRemoval.swift */; };
		A10000000000000000000043 /* DictionaryManagerPresentation.swift in Sources */ = {isa = PBXBuildFile; fileRef = B1000000000000000000004C /* DictionaryManagerPresentation.swift */; };
		A10000000000000000000044 /* DictionaryAppearanceTextAdapter.mm in Sources */ = {isa = PBXBuildFile; fileRef = B1000000000000000000004E /* DictionaryAppearanceTextAdapter.mm */; };
		A10000000000000000000045 /* AIRequestLifecycle.swift in Sources */ = {isa = PBXBuildFile; fileRef = B1000000000000000000004F /* AIRequestLifecycle.swift */; };
		A10000000000000000000060 /* ResourceManifestModels.swift in Sources */ = {isa = PBXBuildFile; fileRef = B10000000000000000000060 /* ResourceManifestModels.swift */; };
		A10000000000000000000061 /* StrictJSON.swift in Sources */ = {isa = PBXBuildFile; fileRef = B10000000000000000000061 /* StrictJSON.swift */; };
		A10000000000000000000062 /* StrictResourceManifestDecoder.swift in Sources */ = {isa = PBXBuildFile; fileRef = B10000000000000000000062 /* StrictResourceManifestDecoder.swift */; };
		A10000000000000000000063 /* ResourceManifestValidator.swift in Sources */ = {isa = PBXBuildFile; fileRef = B10000000000000000000063 /* ResourceManifestValidator.swift */; };
		A10000000000000000000064 /* ResourceManifestSignature.swift in Sources */ = {isa = PBXBuildFile; fileRef = B10000000000000000000064 /* ResourceManifestSignature.swift */; };
		A10000000000000000000071 /* ResourceManifestKeyID.swift in Sources */ = {isa = PBXBuildFile; fileRef = B10000000000000000000071 /* ResourceManifestKeyID.swift */; };
		A10000000000000000000065 /* ResourceManifestVerifier.swift in Sources */ = {isa = PBXBuildFile; fileRef = B10000000000000000000065 /* ResourceManifestVerifier.swift */; };
		A10000000000000000000066 /* VerifiedManifestStateStore.swift in Sources */ = {isa = PBXBuildFile; fileRef = B10000000000000000000066 /* VerifiedManifestStateStore.swift */; };
		A10000000000000000000067 /* ResourceNetworkModels.swift in Sources */ = {isa = PBXBuildFile; fileRef = B10000000000000000000067 /* ResourceNetworkModels.swift */; };
		A10000000000000000000068 /* ResourceNetworkURLPolicy.swift in Sources */ = {isa = PBXBuildFile; fileRef = B10000000000000000000068 /* ResourceNetworkURLPolicy.swift */; };
		A10000000000000000000069 /* BoundedHTTPSDataFetcher.swift in Sources */ = {isa = PBXBuildFile; fileRef = B10000000000000000000069 /* BoundedHTTPSDataFetcher.swift */; };
		A1000000000000000000006A /* ResourceManifestRemoteLoader.swift in Sources */ = {isa = PBXBuildFile; fileRef = B1000000000000000000006A /* ResourceManifestRemoteLoader.swift */; };
		A1000000000000000000006B /* ResourcePayloadDownloadModels.swift in Sources */ = {isa = PBXBuildFile; fileRef = B1000000000000000000006B /* ResourcePayloadDownloadModels.swift */; };
		A1000000000000000000006C /* ResourcePayloadStagingStore.swift in Sources */ = {isa = PBXBuildFile; fileRef = B1000000000000000000006C /* ResourcePayloadStagingStore.swift */; };
		A1000000000000000000006D /* ResourcePayloadFileDownloader.swift in Sources */ = {isa = PBXBuildFile; fileRef = B1000000000000000000006D /* ResourcePayloadFileDownloader.swift */; };
		A1000000000000000000006F /* OpenResourceInstallationModels.swift in Sources */ = {isa = PBXBuildFile; fileRef = B1000000000000000000006F /* OpenResourceInstallationModels.swift */; };
		A10000000000000000000070 /* OpenResourceInstallationCoordinator.swift in Sources */ = {isa = PBXBuildFile; fileRef = B10000000000000000000070 /* OpenResourceInstallationCoordinator.swift */; };
		A10000000000000000000072 /* OwnedDictionaryLifecycle.swift in Sources */ = {isa = PBXBuildFile; fileRef = B10000000000000000000072 /* OwnedDictionaryLifecycle.swift */; };
		A10000000000000000000073 /* ManagedDictionaryLifecycleCoordinator.swift in Sources */ = {isa = PBXBuildFile; fileRef = B10000000000000000000073 /* ManagedDictionaryLifecycleCoordinator.swift */; };
		A1000000000000000000006E /* ResourcePayloadDownloadCoordinator.swift in Sources */ = {isa = PBXBuildFile; fileRef = B1000000000000000000006E /* ResourcePayloadDownloadCoordinator.swift */; };
/* End PBXBuildFile section */

/* Begin PBXFileReference section */
		B10000000000000000000001 /* main.swift */ = {isa = PBXFileReference; lastKnownFileType = sourcecode.swift; path = main.swift; sourceTree = "<group>"; };
		B10000000000000000000002 /* AppDelegate.swift */ = {isa = PBXFileReference; lastKnownFileType = sourcecode.swift; path = AppDelegate.swift; sourceTree = "<group>"; };
		B10000000000000000000003 /* AppConfig.swift */ = {isa = PBXFileReference; lastKnownFileType = sourcecode.swift; path = AppConfig.swift; sourceTree = "<group>"; };
		B10000000000000000000004 /* GlobalHotKey.swift */ = {isa = PBXFileReference; lastKnownFileType = sourcecode.swift; path = GlobalHotKey.swift; sourceTree = "<group>"; };
		B10000000000000000000005 /* DictionaryPanelController.swift */ = {isa = PBXFileReference; lastKnownFileType = sourcecode.swift; path = DictionaryPanelController.swift; sourceTree = "<group>"; };
		B10000000000000000000006 /* HTMLTextCleaner.swift */ = {isa = PBXFileReference; lastKnownFileType = sourcecode.swift; path = HTMLTextCleaner.swift; sourceTree = "<group>"; };
		B10000000000000000000007 /* DictionaryCoreBridge.mm */ = {isa = PBXFileReference; lastKnownFileType = sourcecode.cpp.objcpp; path = DictionaryCoreBridge.mm; sourceTree = "<group>"; };
		B10000000000000000000015 /* DictionaryCoreBridge.h */ = {isa = PBXFileReference; lastKnownFileType = sourcecode.c.h; path = DictionaryCoreBridge.h; sourceTree = "<group>"; };
		B10000000000000000000016 /* LocalDictionary-Bridging-Header.h */ = {isa = PBXFileReference; lastKnownFileType = sourcecode.c.h; path = "LocalDictionary-Bridging-Header.h"; sourceTree = "<group>"; };
		B10000000000000000000017 /* Info.plist */ = {isa = PBXFileReference; lastKnownFileType = text.plist.xml; path = Info.plist; sourceTree = "<group>"; };
		B10000000000000000000008 /* SQLiteDictionaryCore.cpp */ = {isa = PBXFileReference; lastKnownFileType = sourcecode.cpp.cpp; name = SQLiteDictionaryCore.cpp; path = ../MDictCore/SQLiteDictionaryCore.cpp; sourceTree = "<group>"; };
		B10000000000000000000018 /* SQLiteDictionaryCore.h */ = {isa = PBXFileReference; lastKnownFileType = sourcecode.c.h; name = SQLiteDictionaryCore.h; path = ../MDictCore/SQLiteDictionaryCore.h; sourceTree = "<group>"; };
		B10000000000000000000009 /* mdict.cc */ = {isa = PBXFileReference; lastKnownFileType = sourcecode.cpp.cpp; name = mdict.cc; path = ../ThirdParty/vendor/mdict-cpp/src/mdict.cc; sourceTree = "<group>"; };
		B1000000000000000000000A /* binutils.cc */ = {isa = PBXFileReference; lastKnownFileType = sourcecode.cpp.cpp; name = binutils.cc; path = ../ThirdParty/vendor/mdict-cpp/src/binutils.cc; sourceTree = "<group>"; };
		B1000000000000000000000B /* adler32.cc */ = {isa = PBXFileReference; lastKnownFileType = sourcecode.cpp.cpp; name = adler32.cc; path = ../ThirdParty/vendor/mdict-cpp/src/adler32.cc; sourceTree = "<group>"; };
		B1000000000000000000000C /* rmd128.c */ = {isa = PBXFileReference; lastKnownFileType = sourcecode.c.c; name = rmd128.c; path = ../ThirdParty/vendor/libtomcrypt-ripemd128/src/rmd128.c; sourceTree = "<group>"; };
		B1000000000000000000000D /* miniz.c */ = {isa = PBXFileReference; lastKnownFileType = sourcecode.c.c; name = miniz.c; path = ../ThirdParty/vendor/miniz/miniz.c; sourceTree = "<group>"; };
		B1000000000000000000000E /* miniz_tinfl.c */ = {isa = PBXFileReference; lastKnownFileType = sourcecode.c.c; name = miniz_tinfl.c; path = ../ThirdParty/vendor/miniz/miniz_tinfl.c; sourceTree = "<group>"; };
		B1000000000000000000000F /* miniz_tdef.c */ = {isa = PBXFileReference; lastKnownFileType = sourcecode.c.c; name = miniz_tdef.c; path = ../ThirdParty/vendor/miniz/miniz_tdef.c; sourceTree = "<group>"; };
		B10000000000000000000050 /* RIPEMD128Adapter.c */ = {isa = PBXFileReference; lastKnownFileType = sourcecode.c.c; name = RIPEMD128Adapter.c; path = ../MDictCore/RIPEMD128Adapter.c; sourceTree = "<group>"; };
		B10000000000000000000051 /* RIPEMD128Adapter.h */ = {isa = PBXFileReference; lastKnownFileType = sourcecode.c.h; name = RIPEMD128Adapter.h; path = ../MDictCore/RIPEMD128Adapter.h; sourceTree = "<group>"; };
		B10000000000000000000074 /* ManagedMDictSource.cpp */ = {isa = PBXFileReference; lastKnownFileType = sourcecode.cpp.cpp; name = ManagedMDictSource.cpp; path = ../MDictCore/ManagedMDictSource.cpp; sourceTree = "<group>"; };
		B10000000000000000000075 /* ManagedMDictSource.h */ = {isa = PBXFileReference; lastKnownFileType = sourcecode.c.h; name = ManagedMDictSource.h; path = ../MDictCore/ManagedMDictSource.h; sourceTree = "<group>"; };
		B10000000000000000000076 /* FDBoundSQLiteReadOnlyVFS.cpp */ = {isa = PBXFileReference; lastKnownFileType = sourcecode.cpp.cpp; name = FDBoundSQLiteReadOnlyVFS.cpp; path = ../MDictCore/FDBoundSQLiteReadOnlyVFS.cpp; sourceTree = "<group>"; };
		B10000000000000000000077 /* FDBoundSQLiteReadOnlyVFS.h */ = {isa = PBXFileReference; lastKnownFileType = sourcecode.c.h; name = FDBoundSQLiteReadOnlyVFS.h; path = ../MDictCore/FDBoundSQLiteReadOnlyVFS.h; sourceTree = "<group>"; };
		B10000000000000000000078 /* PublishedIndexIdentityAdapter.swift */ = {isa = PBXFileReference; lastKnownFileType = sourcecode.swift; path = PublishedIndexIdentityAdapter.swift; sourceTree = "<group>"; };
		B10000000000000000000012 /* Cocoa.framework */ = {isa = PBXFileReference; lastKnownFileType = wrapper.framework; name = Cocoa.framework; path = System/Library/Frameworks/Cocoa.framework; sourceTree = SDKROOT; };
		B10000000000000000000013 /* Carbon.framework */ = {isa = PBXFileReference; lastKnownFileType = wrapper.framework; name = Carbon.framework; path = System/Library/Frameworks/Carbon.framework; sourceTree = SDKROOT; };
		B10000000000000000000014 /* libsqlite3.tbd */ = {isa = PBXFileReference; lastKnownFileType = sourcecode.text-based-dylib-definition; name = libsqlite3.tbd; path = usr/lib/libsqlite3.tbd; sourceTree = SDKROOT; };
		B10000000000000000000019 /* LocalDictionary.app */ = {isa = PBXFileReference; explicitFileType = wrapper.application; includeInIndex = 0; path = LocalDictionary.app; sourceTree = BUILT_PRODUCTS_DIR; };
		B1000000000000000000001A /* OxfordEntryFormatter.mm */ = {isa = PBXFileReference; lastKnownFileType = sourcecode.cpp.objcpp; path = OxfordEntryFormatter.mm; sourceTree = "<group>"; };
		B1000000000000000000001B /* OxfordEntryFormatter.h */ = {isa = PBXFileReference; lastKnownFileType = sourcecode.c.h; path = OxfordEntryFormatter.h; sourceTree = "<group>"; };
		B1000000000000000000001C /* libxml2.tbd */ = {isa = PBXFileReference; lastKnownFileType = sourcecode.text-based-dylib-definition; name = libxml2.tbd; path = usr/lib/libxml2.tbd; sourceTree = SDKROOT; };
		B1000000000000000000001D /* AccessibilitySelection.swift */ = {isa = PBXFileReference; lastKnownFileType = sourcecode.swift; path = AccessibilitySelection.swift; sourceTree = "<group>"; };
		B1000000000000000000001E /* ApplicationServices.framework */ = {isa = PBXFileReference; lastKnownFileType = wrapper.framework; name = ApplicationServices.framework; path = System/Library/Frameworks/ApplicationServices.framework; sourceTree = SDKROOT; };
		B1000000000000000000001F /* ClipboardSelectionFallback.swift */ = {isa = PBXFileReference; lastKnownFileType = sourcecode.swift; path = ClipboardSelectionFallback.swift; sourceTree = "<group>"; };
		B10000000000000000000020 /* ObsidianNoteStore.swift */ = {isa = PBXFileReference; lastKnownFileType = sourcecode.swift; path = ObsidianNoteStore.swift; sourceTree = "<group>"; };
		B10000000000000000000021 /* ObsidianNotePicker.swift */ = {isa = PBXFileReference; lastKnownFileType = sourcecode.swift; path = ObsidianNotePicker.swift; sourceTree = "<group>"; };
		B10000000000000000000022 /* SupplementalEntryFormatters.mm */ = {isa = PBXFileReference; lastKnownFileType = sourcecode.cpp.objcpp; path = SupplementalEntryFormatters.mm; sourceTree = "<group>"; };
		B10000000000000000000023 /* SupplementalEntryFormatters.h */ = {isa = PBXFileReference; lastKnownFileType = sourcecode.c.h; path = SupplementalEntryFormatters.h; sourceTree = "<group>"; };
		B10000000000000000000024 /* DictionarySemanticModel.mm */ = {isa = PBXFileReference; lastKnownFileType = sourcecode.cpp.objcpp; path = DictionarySemanticModel.mm; sourceTree = "<group>"; };
		B10000000000000000000025 /* DictionarySemanticModel.h */ = {isa = PBXFileReference; lastKnownFileType = sourcecode.c.h; path = DictionarySemanticModel.h; sourceTree = "<group>"; };
		B10000000000000000000026 /* AIProviderConfiguration.swift */ = {isa = PBXFileReference; lastKnownFileType = sourcecode.swift; path = AIProviderConfiguration.swift; sourceTree = "<group>"; };
		B10000000000000000000027 /* AIKeychainStore.swift */ = {isa = PBXFileReference; lastKnownFileType = sourcecode.swift; path = AIKeychainStore.swift; sourceTree = "<group>"; };
		B10000000000000000000028 /* AIProviderClient.swift */ = {isa = PBXFileReference; lastKnownFileType = sourcecode.swift; path = AIProviderClient.swift; sourceTree = "<group>"; };
		B10000000000000000000029 /* AIExplanationCache.swift */ = {isa = PBXFileReference; lastKnownFileType = sourcecode.swift; path = AIExplanationCache.swift; sourceTree = "<group>"; };
		B1000000000000000000002A /* AIExplanationService.swift */ = {isa = PBXFileReference; lastKnownFileType = sourcecode.swift; path = AIExplanationService.swift; sourceTree = "<group>"; };
		B1000000000000000000002B /* AIEntryFormatter.swift */ = {isa = PBXFileReference; lastKnownFileType = sourcecode.swift; path = AIEntryFormatter.swift; sourceTree = "<group>"; };
		B1000000000000000000002C /* AISettingsWindowController.swift */ = {isa = PBXFileReference; lastKnownFileType = sourcecode.swift; path = AISettingsWindowController.swift; sourceTree = "<group>"; };
		B1000000000000000000002D /* Security.framework */ = {isa = PBXFileReference; lastKnownFileType = wrapper.framework; name = Security.framework; path = System/Library/Frameworks/Security.framework; sourceTree = SDKROOT; };
		B1000000000000000000002E /* AIExplanationMarkdownFormatter.swift */ = {isa = PBXFileReference; lastKnownFileType = sourcecode.swift; path = AIExplanationMarkdownFormatter.swift; sourceTree = "<group>"; };
		B1000000000000000000002F /* QueryIntentClassifier.swift */ = {isa = PBXFileReference; lastKnownFileType = sourcecode.swift; path = QueryIntentClassifier.swift; sourceTree = "<group>"; };
		B10000000000000000000030 /* AISentenceAnalysis.swift */ = {isa = PBXFileReference; lastKnownFileType = sourcecode.swift; path = AISentenceAnalysis.swift; sourceTree = "<group>"; };
		B10000000000000000000031 /* AISentenceEntryFormatter.swift */ = {isa = PBXFileReference; lastKnownFileType = sourcecode.swift; path = AISentenceEntryFormatter.swift; sourceTree = "<group>"; };
		B10000000000000000000032 /* LocalSentenceGlossaryService.swift */ = {isa = PBXFileReference; lastKnownFileType = sourcecode.swift; path = LocalSentenceGlossaryService.swift; sourceTree = "<group>"; };
		B10000000000000000000033 /* LocalSentenceGlossaryFormatter.swift */ = {isa = PBXFileReference; lastKnownFileType = sourcecode.swift; path = LocalSentenceGlossaryFormatter.swift; sourceTree = "<group>"; };
		B10000000000000000000034 /* SentenceAnalysisMarkdownFormatter.swift */ = {isa = PBXFileReference; lastKnownFileType = sourcecode.swift; path = SentenceAnalysisMarkdownFormatter.swift; sourceTree = "<group>"; };
		B10000000000000000000035 /* AIProviderProfileManager.swift */ = {isa = PBXFileReference; lastKnownFileType = sourcecode.swift; path = AIProviderProfileManager.swift; sourceTree = "<group>"; };
		B10000000000000000000036 /* AIProviderSettingsSession.swift */ = {isa = PBXFileReference; lastKnownFileType = sourcecode.swift; path = AIProviderSettingsSession.swift; sourceTree = "<group>"; };
		B10000000000000000000037 /* AIProviderCredentialSession.swift */ = {isa = PBXFileReference; lastKnownFileType = sourcecode.swift; path = AIProviderCredentialSession.swift; sourceTree = "<group>"; };
		B10000000000000000000038 /* InlineLookupModels.swift */ = {isa = PBXFileReference; lastKnownFileType = sourcecode.swift; path = InlineLookupModels.swift; sourceTree = "<group>"; };
		B10000000000000000000039 /* Assets.xcassets */ = {isa = PBXFileReference; lastKnownFileType = folder.assetcatalog; path = Assets.xcassets; sourceTree = "<group>"; };
		B1000000000000000000003A /* DictionaryCatalog.swift */ = {isa = PBXFileReference; lastKnownFileType = sourcecode.swift; path = DictionaryCatalog.swift; sourceTree = "<group>"; };
		B1000000000000000000003B /* DictionaryCatalogStore.swift */ = {isa = PBXFileReference; lastKnownFileType = sourcecode.swift; path = DictionaryCatalogStore.swift; sourceTree = "<group>"; };
		B1000000000000000000003C /* LegacyDictionaryConfigAdapter.swift */ = {isa = PBXFileReference; lastKnownFileType = sourcecode.swift; path = LegacyDictionaryConfigAdapter.swift; sourceTree = "<group>"; };
		B1000000000000000000003D /* DictionaryManagerWindowController.swift */ = {isa = PBXFileReference; lastKnownFileType = sourcecode.swift; path = DictionaryManagerWindowController.swift; sourceTree = "<group>"; };
		B1000000000000000000003E /* DictionaryImportModels.swift */ = {isa = PBXFileReference; lastKnownFileType = sourcecode.swift; path = DictionaryImportModels.swift; sourceTree = "<group>"; };
		B1000000000000000000003F /* MDictImportInspector.swift */ = {isa = PBXFileReference; lastKnownFileType = sourcecode.swift; path = MDictImportInspector.swift; sourceTree = "<group>"; };
		B10000000000000000000040 /* DictionaryImportService.swift */ = {isa = PBXFileReference; lastKnownFileType = sourcecode.swift; path = DictionaryImportService.swift; sourceTree = "<group>"; };
		B10000000000000000000041 /* DictionaryImportPreviewAccessory.swift */ = {isa = PBXFileReference; lastKnownFileType = sourcecode.swift; path = DictionaryImportPreviewAccessory.swift; sourceTree = "<group>"; };
		B10000000000000000000042 /* DictionaryIndexModels.swift */ = {isa = PBXFileReference; lastKnownFileType = sourcecode.swift; path = DictionaryIndexModels.swift; sourceTree = "<group>"; };
		B10000000000000000000043 /* DictionaryIndexBuilderAdapter.swift */ = {isa = PBXFileReference; lastKnownFileType = sourcecode.swift; path = DictionaryIndexBuilderAdapter.swift; sourceTree = "<group>"; };
		B10000000000000000000044 /* DictionaryIndexingService.swift */ = {isa = PBXFileReference; lastKnownFileType = sourcecode.swift; path = DictionaryIndexingService.swift; sourceTree = "<group>"; };
		B10000000000000000000045 /* GenericMDictEntryFormatter.h */ = {isa = PBXFileReference; lastKnownFileType = sourcecode.c.h; path = GenericMDictEntryFormatter.h; sourceTree = "<group>"; };
		B10000000000000000000046 /* GenericMDictEntryFormatter.mm */ = {isa = PBXFileReference; lastKnownFileType = sourcecode.cpp.objcpp; path = GenericMDictEntryFormatter.mm; sourceTree = "<group>"; };
		B10000000000000000000047 /* ManagedDictionaryQueryModels.swift */ = {isa = PBXFileReference; lastKnownFileType = sourcecode.swift; path = ManagedDictionaryQueryModels.swift; sourceTree = "<group>"; };
		B10000000000000000000048 /* ManagedDictionaryQueryRuntime.swift */ = {isa = PBXFileReference; lastKnownFileType = sourcecode.swift; path = ManagedDictionaryQueryRuntime.swift; sourceTree = "<group>"; };
		B10000000000000000000049 /* GenericManagedDictionaryPresenter.swift */ = {isa = PBXFileReference; lastKnownFileType = sourcecode.swift; path = GenericManagedDictionaryPresenter.swift; sourceTree = "<group>"; };
		B1000000000000000000004A /* DictionaryCatalogOrdering.swift */ = {isa = PBXFileReference; lastKnownFileType = sourcecode.swift; path = DictionaryCatalogOrdering.swift; sourceTree = "<group>"; };
		B1000000000000000000004B /* ManagedDictionaryRemoval.swift */ = {isa = PBXFileReference; lastKnownFileType = sourcecode.swift; path = ManagedDictionaryRemoval.swift; sourceTree = "<group>"; };
		B1000000000000000000004C /* DictionaryManagerPresentation.swift */ = {isa = PBXFileReference; lastKnownFileType = sourcecode.swift; path = DictionaryManagerPresentation.swift; sourceTree = "<group>"; };
		B1000000000000000000004D /* DictionaryAppearanceTextAdapter.h */ = {isa = PBXFileReference; lastKnownFileType = sourcecode.c.h; path = DictionaryAppearanceTextAdapter.h; sourceTree = "<group>"; };
		B1000000000000000000004E /* DictionaryAppearanceTextAdapter.mm */ = {isa = PBXFileReference; lastKnownFileType = sourcecode.cpp.objcpp; path = DictionaryAppearanceTextAdapter.mm; sourceTree = "<group>"; };
		B1000000000000000000004F /* AIRequestLifecycle.swift */ = {isa = PBXFileReference; lastKnownFileType = sourcecode.swift; path = AIRequestLifecycle.swift; sourceTree = "<group>"; };
		B10000000000000000000060 /* ResourceManifestModels.swift */ = {isa = PBXFileReference; lastKnownFileType = sourcecode.swift; path = ResourceManifestModels.swift; sourceTree = "<group>"; };
		B10000000000000000000061 /* StrictJSON.swift */ = {isa = PBXFileReference; lastKnownFileType = sourcecode.swift; path = StrictJSON.swift; sourceTree = "<group>"; };
		B10000000000000000000062 /* StrictResourceManifestDecoder.swift */ = {isa = PBXFileReference; lastKnownFileType = sourcecode.swift; path = StrictResourceManifestDecoder.swift; sourceTree = "<group>"; };
		B10000000000000000000063 /* ResourceManifestValidator.swift */ = {isa = PBXFileReference; lastKnownFileType = sourcecode.swift; path = ResourceManifestValidator.swift; sourceTree = "<group>"; };
		B10000000000000000000064 /* ResourceManifestSignature.swift */ = {isa = PBXFileReference; lastKnownFileType = sourcecode.swift; path = ResourceManifestSignature.swift; sourceTree = "<group>"; };
		B10000000000000000000071 /* ResourceManifestKeyID.swift */ = {isa = PBXFileReference; lastKnownFileType = sourcecode.swift; path = ResourceManifestKeyID.swift; sourceTree = "<group>"; };
		B10000000000000000000065 /* ResourceManifestVerifier.swift */ = {isa = PBXFileReference; lastKnownFileType = sourcecode.swift; path = ResourceManifestVerifier.swift; sourceTree = "<group>"; };
		B10000000000000000000066 /* VerifiedManifestStateStore.swift */ = {isa = PBXFileReference; lastKnownFileType = sourcecode.swift; path = VerifiedManifestStateStore.swift; sourceTree = "<group>"; };
		B10000000000000000000067 /* ResourceNetworkModels.swift */ = {isa = PBXFileReference; lastKnownFileType = sourcecode.swift; path = ResourceNetworkModels.swift; sourceTree = "<group>"; };
		B10000000000000000000068 /* ResourceNetworkURLPolicy.swift */ = {isa = PBXFileReference; lastKnownFileType = sourcecode.swift; path = ResourceNetworkURLPolicy.swift; sourceTree = "<group>"; };
		B10000000000000000000069 /* BoundedHTTPSDataFetcher.swift */ = {isa = PBXFileReference; lastKnownFileType = sourcecode.swift; path = BoundedHTTPSDataFetcher.swift; sourceTree = "<group>"; };
		B1000000000000000000006A /* ResourceManifestRemoteLoader.swift */ = {isa = PBXFileReference; lastKnownFileType = sourcecode.swift; path = ResourceManifestRemoteLoader.swift; sourceTree = "<group>"; };
		B1000000000000000000006B /* ResourcePayloadDownloadModels.swift */ = {isa = PBXFileReference; lastKnownFileType = sourcecode.swift; path = ResourcePayloadDownloadModels.swift; sourceTree = "<group>"; };
		B1000000000000000000006C /* ResourcePayloadStagingStore.swift */ = {isa = PBXFileReference; lastKnownFileType = sourcecode.swift; path = ResourcePayloadStagingStore.swift; sourceTree = "<group>"; };
		B1000000000000000000006D /* ResourcePayloadFileDownloader.swift */ = {isa = PBXFileReference; lastKnownFileType = sourcecode.swift; path = ResourcePayloadFileDownloader.swift; sourceTree = "<group>"; };
		B1000000000000000000006F /* OpenResourceInstallationModels.swift */ = {isa = PBXFileReference; lastKnownFileType = sourcecode.swift; path = OpenResourceInstallationModels.swift; sourceTree = "<group>"; };
		B10000000000000000000070 /* OpenResourceInstallationCoordinator.swift */ = {isa = PBXFileReference; lastKnownFileType = sourcecode.swift; path = OpenResourceInstallationCoordinator.swift; sourceTree = "<group>"; };
		B10000000000000000000072 /* OwnedDictionaryLifecycle.swift */ = {isa = PBXFileReference; lastKnownFileType = sourcecode.swift; path = OwnedDictionaryLifecycle.swift; sourceTree = "<group>"; };
		B10000000000000000000073 /* ManagedDictionaryLifecycleCoordinator.swift */ = {isa = PBXFileReference; lastKnownFileType = sourcecode.swift; path = ManagedDictionaryLifecycleCoordinator.swift; sourceTree = "<group>"; };
		B1000000000000000000006E /* ResourcePayloadDownloadCoordinator.swift */ = {isa = PBXFileReference; lastKnownFileType = sourcecode.swift; path = ResourcePayloadDownloadCoordinator.swift; sourceTree = "<group>"; };
/* End PBXFileReference section */

/* Begin PBXFrameworksBuildPhase section */
		C10000000000000000000001 /* Frameworks */ = {
			isa = PBXFrameworksBuildPhase;
			buildActionMask = 2147483647;
			files = (
				A10000000000000000000012 /* Cocoa.framework in Frameworks */,
				A10000000000000000000013 /* Carbon.framework in Frameworks */,
				A10000000000000000000014 /* libsqlite3.tbd in Frameworks */,
				A10000000000000000000016 /* libxml2.tbd in Frameworks */,
				A10000000000000000000018 /* ApplicationServices.framework in Frameworks */,
				A10000000000000000000025 /* Security.framework in Frameworks */,
			);
			runOnlyForDeploymentPostprocessing = 0;
		};
/* End PBXFrameworksBuildPhase section */

/* Begin PBXGroup section */
		D10000000000000000000001 = {
			isa = PBXGroup;
			children = (
				D10000000000000000000002 /* Application */,
				D10000000000000000000003 /* MDictCore */,
				D10000000000000000000004 /* Parser Sources */,
				D10000000000000000000005 /* Frameworks */,
				D10000000000000000000006 /* Products */,
			);
			sourceTree = "<group>";
		};
		D10000000000000000000002 /* Application */ = {
			isa = PBXGroup;
			children = (
				B10000000000000000000001 /* main.swift */,
				B10000000000000000000002 /* AppDelegate.swift */,
				B10000000000000000000003 /* AppConfig.swift */,
				B10000000000000000000004 /* GlobalHotKey.swift */,
				B10000000000000000000005 /* DictionaryPanelController.swift */,
				B10000000000000000000006 /* HTMLTextCleaner.swift */,
				B10000000000000000000007 /* DictionaryCoreBridge.mm */,
				B10000000000000000000015 /* DictionaryCoreBridge.h */,
				B1000000000000000000001A /* OxfordEntryFormatter.mm */,
				B1000000000000000000001B /* OxfordEntryFormatter.h */,
				B10000000000000000000022 /* SupplementalEntryFormatters.mm */,
				B10000000000000000000023 /* SupplementalEntryFormatters.h */,
				B10000000000000000000024 /* DictionarySemanticModel.mm */,
				B10000000000000000000025 /* DictionarySemanticModel.h */,
				B10000000000000000000026 /* AIProviderConfiguration.swift */,
				B10000000000000000000027 /* AIKeychainStore.swift */,
				B10000000000000000000028 /* AIProviderClient.swift */,
				B10000000000000000000029 /* AIExplanationCache.swift */,
				B1000000000000000000002A /* AIExplanationService.swift */,
				B1000000000000000000002B /* AIEntryFormatter.swift */,
				B1000000000000000000002C /* AISettingsWindowController.swift */,
				B1000000000000000000002E /* AIExplanationMarkdownFormatter.swift */,
				B1000000000000000000002F /* QueryIntentClassifier.swift */,
				B10000000000000000000030 /* AISentenceAnalysis.swift */,
				B10000000000000000000031 /* AISentenceEntryFormatter.swift */,
				B10000000000000000000032 /* LocalSentenceGlossaryService.swift */,
				B10000000000000000000033 /* LocalSentenceGlossaryFormatter.swift */,
				B10000000000000000000034 /* SentenceAnalysisMarkdownFormatter.swift */,
				B10000000000000000000035 /* AIProviderProfileManager.swift */,
				B10000000000000000000036 /* AIProviderSettingsSession.swift */,
				B10000000000000000000037 /* AIProviderCredentialSession.swift */,
				B10000000000000000000038 /* InlineLookupModels.swift */,
				B1000000000000000000003A /* DictionaryCatalog.swift */,
				B1000000000000000000003B /* DictionaryCatalogStore.swift */,
				B1000000000000000000003C /* LegacyDictionaryConfigAdapter.swift */,
				B1000000000000000000003D /* DictionaryManagerWindowController.swift */,
				B1000000000000000000003E /* DictionaryImportModels.swift */,
				B1000000000000000000003F /* MDictImportInspector.swift */,
				B10000000000000000000040 /* DictionaryImportService.swift */,
				B10000000000000000000041 /* DictionaryImportPreviewAccessory.swift */,
				B10000000000000000000042 /* DictionaryIndexModels.swift */,
				B10000000000000000000043 /* DictionaryIndexBuilderAdapter.swift */,
				B10000000000000000000044 /* DictionaryIndexingService.swift */,
				B10000000000000000000045 /* GenericMDictEntryFormatter.h */,
				B10000000000000000000046 /* GenericMDictEntryFormatter.mm */,
				B10000000000000000000047 /* ManagedDictionaryQueryModels.swift */,
				B10000000000000000000048 /* ManagedDictionaryQueryRuntime.swift */,
				B10000000000000000000078 /* PublishedIndexIdentityAdapter.swift */,
				B10000000000000000000049 /* GenericManagedDictionaryPresenter.swift */,
				B1000000000000000000004A /* DictionaryCatalogOrdering.swift */,
				B1000000000000000000004B /* ManagedDictionaryRemoval.swift */,
				B1000000000000000000004C /* DictionaryManagerPresentation.swift */,
				B1000000000000000000004D /* DictionaryAppearanceTextAdapter.h */,
				B1000000000000000000004E /* DictionaryAppearanceTextAdapter.mm */,
				B1000000000000000000004F /* AIRequestLifecycle.swift */,
				B10000000000000000000060 /* ResourceManifestModels.swift */,
				B10000000000000000000061 /* StrictJSON.swift */,
				B10000000000000000000062 /* StrictResourceManifestDecoder.swift */,
				B10000000000000000000063 /* ResourceManifestValidator.swift */,
				B10000000000000000000064 /* ResourceManifestSignature.swift */,
				B10000000000000000000071 /* ResourceManifestKeyID.swift */,
				B10000000000000000000065 /* ResourceManifestVerifier.swift */,
				B10000000000000000000066 /* VerifiedManifestStateStore.swift */,
				B10000000000000000000067 /* ResourceNetworkModels.swift */,
				B10000000000000000000068 /* ResourceNetworkURLPolicy.swift */,
				B10000000000000000000069 /* BoundedHTTPSDataFetcher.swift */,
				B1000000000000000000006A /* ResourceManifestRemoteLoader.swift */,
				B1000000000000000000006B /* ResourcePayloadDownloadModels.swift */,
				B1000000000000000000006C /* ResourcePayloadStagingStore.swift */,
				B1000000000000000000006D /* ResourcePayloadFileDownloader.swift */,
				B1000000000000000000006F /* OpenResourceInstallationModels.swift */,
				B10000000000000000000070 /* OpenResourceInstallationCoordinator.swift */,
				B10000000000000000000072 /* OwnedDictionaryLifecycle.swift */,
				B10000000000000000000073 /* ManagedDictionaryLifecycleCoordinator.swift */,
				B1000000000000000000006E /* ResourcePayloadDownloadCoordinator.swift */,
				B10000000000000000000039 /* Assets.xcassets */,
				B1000000000000000000001D /* AccessibilitySelection.swift */,
				B1000000000000000000001F /* ClipboardSelectionFallback.swift */,
				B10000000000000000000020 /* ObsidianNoteStore.swift */,
				B10000000000000000000021 /* ObsidianNotePicker.swift */,
				B10000000000000000000016 /* LocalDictionary-Bridging-Header.h */,
				B10000000000000000000017 /* Info.plist */,
			);
			name = Application;
			path = .;
			sourceTree = "<group>";
		};
		D10000000000000000000003 /* MDictCore */ = {
			isa = PBXGroup;
			children = (
				B10000000000000000000008 /* SQLiteDictionaryCore.cpp */,
				B10000000000000000000018 /* SQLiteDictionaryCore.h */,
				B10000000000000000000050 /* RIPEMD128Adapter.c */,
				B10000000000000000000051 /* RIPEMD128Adapter.h */,
				B10000000000000000000074 /* ManagedMDictSource.cpp */,
				B10000000000000000000075 /* ManagedMDictSource.h */,
				B10000000000000000000076 /* FDBoundSQLiteReadOnlyVFS.cpp */,
				B10000000000000000000077 /* FDBoundSQLiteReadOnlyVFS.h */,
			);
			name = MDictCore;
			sourceTree = "<group>";
		};
		D10000000000000000000004 /* Parser Sources */ = {
			isa = PBXGroup;
			children = (
				B10000000000000000000009 /* mdict.cc */,
				B1000000000000000000000A /* binutils.cc */,
				B1000000000000000000000B /* adler32.cc */,
				B1000000000000000000000C /* rmd128.c */,
				B1000000000000000000000D /* miniz.c */,
				B1000000000000000000000E /* miniz_tinfl.c */,
				B1000000000000000000000F /* miniz_tdef.c */,
			);
			name = "Parser Sources";
			sourceTree = "<group>";
		};
		D10000000000000000000005 /* Frameworks */ = {
			isa = PBXGroup;
			children = (
				B10000000000000000000012 /* Cocoa.framework */,
				B10000000000000000000013 /* Carbon.framework */,
				B10000000000000000000014 /* libsqlite3.tbd */,
				B1000000000000000000001C /* libxml2.tbd */,
				B1000000000000000000001E /* ApplicationServices.framework */,
				B1000000000000000000002D /* Security.framework */,
			);
			name = Frameworks;
			sourceTree = "<group>";
		};
		D10000000000000000000006 /* Products */ = {
			isa = PBXGroup;
			children = (
				B10000000000000000000019 /* LocalDictionary.app */,
			);
			name = Products;
			sourceTree = "<group>";
		};
/* End PBXGroup section */

/* Begin PBXNativeTarget section */
		E10000000000000000000001 /* LocalDictionary */ = {
			isa = PBXNativeTarget;
			buildConfigurationList = F10000000000000000000002 /* Build configuration list for PBXNativeTarget "LocalDictionary" */;
			buildPhases = (
				C10000000000000000000002 /* Sources */,
				C10000000000000000000001 /* Frameworks */,
				C10000000000000000000003 /* Resources */,
				C10000000000000000000004 /* Audit App Bundle */,
			);
			buildRules = (
			);
			dependencies = (
			);
			name = LocalDictionary;
			productName = LocalDictionary;
			productReference = B10000000000000000000019 /* LocalDictionary.app */;
			productType = "com.apple.product-type.application";
		};
/* End PBXNativeTarget section */

/* Begin PBXProject section */
		E10000000000000000000002 /* Project object */ = {
			isa = PBXProject;
			attributes = {
				BuildIndependentTargetsInParallel = 1;
				LastSwiftUpdateCheck = 2630;
				LastUpgradeCheck = 2630;
				TargetAttributes = {
					E10000000000000000000001 = {
						CreatedOnToolsVersion = 26.3;
					};
				};
			};
			buildConfigurationList = F10000000000000000000001 /* Build configuration list for PBXProject "LocalDictionary" */;
			compatibilityVersion = "Xcode 16.0";
			developmentRegion = en;
			hasScannedForEncodings = 0;
			knownRegions = (
				en,
				Base,
			);
			mainGroup = D10000000000000000000001;
			productRefGroup = D10000000000000000000006 /* Products */;
			projectDirPath = "";
			projectRoot = "";
			targets = (
				E10000000000000000000001 /* LocalDictionary */,
			);
		};
/* End PBXProject section */

/* Begin PBXResourcesBuildPhase section */
		C10000000000000000000003 /* Resources */ = {
			isa = PBXResourcesBuildPhase;
			buildActionMask = 2147483647;
			files = (
				A10000000000000000000031 /* Assets.xcassets in Resources */,
			);
			runOnlyForDeploymentPostprocessing = 0;
		};
/* End PBXResourcesBuildPhase section */

/* Begin PBXShellScriptBuildPhase section */
		C10000000000000000000004 /* Audit App Bundle */ = {
			isa = PBXShellScriptBuildPhase;
			alwaysOutOfDate = 1;
			buildActionMask = 2147483647;
			files = (
			);
			inputFileListPaths = (
			);
			inputPaths = (
			);
			name = "Audit App Bundle";
			outputFileListPaths = (
			);
			outputPaths = (
			);
			runOnlyForDeploymentPostprocessing = 0;
			shellPath = /bin/sh;
			shellScript = "if [ \"$CONFIGURATION\" = \"Release\" ]; then\n  /bin/zsh \"$SRCROOT/../scripts/audit-app-bundle.sh\" \"$TARGET_BUILD_DIR/$WRAPPER_NAME\"\nelse\n  /bin/zsh \"$SRCROOT/../scripts/audit-app-icon.sh\" \"$TARGET_BUILD_DIR/$WRAPPER_NAME\"\nfi\n";
		};
/* End PBXShellScriptBuildPhase section */

/* Begin PBXSourcesBuildPhase section */
		C10000000000000000000002 /* Sources */ = {
			isa = PBXSourcesBuildPhase;
			buildActionMask = 2147483647;
			files = (
				A10000000000000000000001 /* main.swift in Sources */,
				A10000000000000000000002 /* AppDelegate.swift in Sources */,
				A10000000000000000000003 /* AppConfig.swift in Sources */,
				A10000000000000000000004 /* GlobalHotKey.swift in Sources */,
				A10000000000000000000005 /* DictionaryPanelController.swift in Sources */,
				A10000000000000000000006 /* HTMLTextCleaner.swift in Sources */,
				A10000000000000000000007 /* DictionaryCoreBridge.mm in Sources */,
				A10000000000000000000015 /* OxfordEntryFormatter.mm in Sources */,
				A1000000000000000000001C /* SupplementalEntryFormatters.mm in Sources */,
				A1000000000000000000001D /* DictionarySemanticModel.mm in Sources */,
				A10000000000000000000017 /* AccessibilitySelection.swift in Sources */,
				A10000000000000000000019 /* ClipboardSelectionFallback.swift in Sources */,
				A1000000000000000000001A /* ObsidianNoteStore.swift in Sources */,
				A1000000000000000000001B /* ObsidianNotePicker.swift in Sources */,
				A1000000000000000000001E /* AIProviderConfiguration.swift in Sources */,
				A1000000000000000000001F /* AIKeychainStore.swift in Sources */,
				A10000000000000000000020 /* AIProviderClient.swift in Sources */,
				A10000000000000000000021 /* AIExplanationCache.swift in Sources */,
				A10000000000000000000022 /* AIExplanationService.swift in Sources */,
				A10000000000000000000023 /* AIEntryFormatter.swift in Sources */,
				A10000000000000000000024 /* AISettingsWindowController.swift in Sources */,
				A10000000000000000000026 /* AIExplanationMarkdownFormatter.swift in Sources */,
				A10000000000000000000027 /* QueryIntentClassifier.swift in Sources */,
				A10000000000000000000028 /* AISentenceAnalysis.swift in Sources */,
				A10000000000000000000029 /* AISentenceEntryFormatter.swift in Sources */,
				A1000000000000000000002A /* LocalSentenceGlossaryService.swift in Sources */,
				A1000000000000000000002B /* LocalSentenceGlossaryFormatter.swift in Sources */,
				A1000000000000000000002C /* SentenceAnalysisMarkdownFormatter.swift in Sources */,
				A1000000000000000000002D /* AIProviderProfileManager.swift in Sources */,
				A1000000000000000000002E /* AIProviderSettingsSession.swift in Sources */,
				A1000000000000000000002F /* AIProviderCredentialSession.swift in Sources */,
				A10000000000000000000030 /* InlineLookupModels.swift in Sources */,
				A10000000000000000000032 /* DictionaryCatalog.swift in Sources */,
				A10000000000000000000033 /* DictionaryCatalogStore.swift in Sources */,
				A10000000000000000000034 /* LegacyDictionaryConfigAdapter.swift in Sources */,
				A10000000000000000000035 /* DictionaryManagerWindowController.swift in Sources */,
				A10000000000000000000036 /* DictionaryImportModels.swift in Sources */,
				A10000000000000000000037 /* MDictImportInspector.swift in Sources */,
				A10000000000000000000038 /* DictionaryImportService.swift in Sources */,
				A10000000000000000000039 /* DictionaryImportPreviewAccessory.swift in Sources */,
				A1000000000000000000003A /* DictionaryIndexModels.swift in Sources */,
				A1000000000000000000003B /* DictionaryIndexBuilderAdapter.swift in Sources */,
				A1000000000000000000003C /* DictionaryIndexingService.swift in Sources */,
				A1000000000000000000003D /* GenericMDictEntryFormatter.mm in Sources */,
				A1000000000000000000003E /* ManagedDictionaryQueryModels.swift in Sources */,
				A1000000000000000000003F /* ManagedDictionaryQueryRuntime.swift in Sources */,
				A10000000000000000000077 /* PublishedIndexIdentityAdapter.swift in Sources */,
				A10000000000000000000040 /* GenericManagedDictionaryPresenter.swift in Sources */,
				A10000000000000000000041 /* DictionaryCatalogOrdering.swift in Sources */,
				A10000000000000000000042 /* ManagedDictionaryRemoval.swift in Sources */,
				A10000000000000000000043 /* DictionaryManagerPresentation.swift in Sources */,
				A10000000000000000000044 /* DictionaryAppearanceTextAdapter.mm in Sources */,
				A10000000000000000000045 /* AIRequestLifecycle.swift in Sources */,
				A10000000000000000000060 /* ResourceManifestModels.swift in Sources */,
				A10000000000000000000061 /* StrictJSON.swift in Sources */,
				A10000000000000000000062 /* StrictResourceManifestDecoder.swift in Sources */,
				A10000000000000000000063 /* ResourceManifestValidator.swift in Sources */,
				A10000000000000000000064 /* ResourceManifestSignature.swift in Sources */,
				A10000000000000000000071 /* ResourceManifestKeyID.swift in Sources */,
				A10000000000000000000065 /* ResourceManifestVerifier.swift in Sources */,
				A10000000000000000000066 /* VerifiedManifestStateStore.swift in Sources */,
				A10000000000000000000067 /* ResourceNetworkModels.swift in Sources */,
				A10000000000000000000068 /* ResourceNetworkURLPolicy.swift in Sources */,
				A10000000000000000000069 /* BoundedHTTPSDataFetcher.swift in Sources */,
				A1000000000000000000006A /* ResourceManifestRemoteLoader.swift in Sources */,
				A1000000000000000000006B /* ResourcePayloadDownloadModels.swift in Sources */,
				A1000000000000000000006C /* ResourcePayloadStagingStore.swift in Sources */,
				A1000000000000000000006D /* ResourcePayloadFileDownloader.swift in Sources */,
				A1000000000000000000006F /* OpenResourceInstallationModels.swift in Sources */,
				A10000000000000000000070 /* OpenResourceInstallationCoordinator.swift in Sources */,
				A10000000000000000000072 /* OwnedDictionaryLifecycle.swift in Sources */,
				A10000000000000000000073 /* ManagedDictionaryLifecycleCoordinator.swift in Sources */,
				A1000000000000000000006E /* ResourcePayloadDownloadCoordinator.swift in Sources */,
				A10000000000000000000008 /* SQLiteDictionaryCore.cpp in Sources */,
				A10000000000000000000009 /* mdict.cc in Sources */,
				A1000000000000000000000A /* binutils.cc in Sources */,
				A1000000000000000000000B /* adler32.cc in Sources */,
				A1000000000000000000000C /* rmd128.c in Sources */,
				A10000000000000000000046 /* RIPEMD128Adapter.c in Sources */,
				A10000000000000000000074 /* ManagedMDictSource.cpp in Sources */,
				A10000000000000000000076 /* FDBoundSQLiteReadOnlyVFS.cpp in Sources */,
				A1000000000000000000000D /* miniz.c in Sources */,
				A1000000000000000000000E /* miniz_tinfl.c in Sources */,
				A1000000000000000000000F /* miniz_tdef.c in Sources */,
			);
			runOnlyForDeploymentPostprocessing = 0;
		};
/* End PBXSourcesBuildPhase section */

/* Begin XCBuildConfiguration section */
		F10000000000000000000003 /* Debug */ = {
			isa = XCBuildConfiguration;
			buildSettings = {
				ALWAYS_SEARCH_USER_PATHS = NO;
				CLANG_CXX_LANGUAGE_STANDARD = "c++17";
				CLANG_CXX_LIBRARY = "libc++";
				CLANG_ENABLE_MODULES = YES;
				CLANG_ENABLE_OBJC_ARC = YES;
				COPY_PHASE_STRIP = NO;
				DEBUG_INFORMATION_FORMAT = dwarf;
				ENABLE_TESTABILITY = YES;
				GCC_C_LANGUAGE_STANDARD = gnu17;
				GCC_OPTIMIZATION_LEVEL = 0;
				GCC_PREPROCESSOR_DEFINITIONS = ("DEBUG=1", "$(inherited)");
				MTL_ENABLE_DEBUG_INFO = INCLUDE_SOURCE;
				ONLY_ACTIVE_ARCH = YES;
				SDKROOT = macosx;
				SWIFT_ACTIVE_COMPILATION_CONDITIONS = DEBUG;
				SWIFT_OPTIMIZATION_LEVEL = "-Onone";
			};
			name = Debug;
		};
		F10000000000000000000004 /* Release */ = {
			isa = XCBuildConfiguration;
			buildSettings = {
				ALWAYS_SEARCH_USER_PATHS = NO;
				CLANG_CXX_LANGUAGE_STANDARD = "c++17";
				CLANG_CXX_LIBRARY = "libc++";
				CLANG_ENABLE_MODULES = YES;
				CLANG_ENABLE_OBJC_ARC = YES;
				COPY_PHASE_STRIP = YES;
				DEBUG_INFORMATION_FORMAT = "dwarf-with-dsym";
				ENABLE_NS_ASSERTIONS = NO;
				GCC_C_LANGUAGE_STANDARD = gnu17;
				GCC_PREPROCESSOR_DEFINITIONS = ("NDEBUG=1", "$(inherited)");
				MTL_ENABLE_DEBUG_INFO = NO;
				SDKROOT = macosx;
				SWIFT_COMPILATION_MODE = wholemodule;
				SWIFT_OPTIMIZATION_LEVEL = "-O";
				VALIDATE_PRODUCT = YES;
			};
			name = Release;
		};
		F10000000000000000000005 /* Debug */ = {
			isa = XCBuildConfiguration;
			buildSettings = {
				ARCHS = arm64;
				ASSETCATALOG_COMPILER_APPICON_NAME = AppIcon;
				CODE_SIGN_IDENTITY = "-";
				CODE_SIGN_STYLE = Manual;
				COMBINE_HIDPI_IMAGES = YES;
				CURRENT_PROJECT_VERSION = 1;
				DEAD_CODE_STRIPPING = YES;
				ENABLE_HARDENED_RUNTIME = NO;
				GENERATE_INFOPLIST_FILE = NO;
				HEADER_SEARCH_PATHS = (
					"$(SRCROOT)/../MDictCore",
					"$(SRCROOT)/../ThirdParty/vendor/mdict-cpp/src",
					"$(SRCROOT)/../ThirdParty/vendor/mdict-cpp/src/include",
					"$(SRCROOT)/../ThirdParty/vendor",
					"$(SRCROOT)/../ThirdParty/vendor/libtomcrypt-ripemd128/include",
					"$(SDKROOT)/usr/include/libxml2",
				);
				INFOPLIST_FILE = Info.plist;
				LD_RUNPATH_SEARCH_PATHS = "$(inherited) @executable_path/../Frameworks";
				MACOSX_DEPLOYMENT_TARGET = 15.0;
				MARKETING_VERSION = 0.1;
				PRODUCT_BUNDLE_IDENTIFIER = com.localdict.LocalDictionary;
				PRODUCT_NAME = LocalDictionary;
				SWIFT_OBJC_BRIDGING_HEADER = "LocalDictionary-Bridging-Header.h";
				SWIFT_VERSION = 5.0;
			};
			name = Debug;
		};
		F10000000000000000000006 /* Release */ = {
			isa = XCBuildConfiguration;
			buildSettings = {
				ARCHS = arm64;
				ASSETCATALOG_COMPILER_APPICON_NAME = AppIcon;
				CODE_SIGN_IDENTITY = "-";
				CODE_SIGN_STYLE = Manual;
				COMBINE_HIDPI_IMAGES = YES;
				CURRENT_PROJECT_VERSION = 1;
				DEAD_CODE_STRIPPING = YES;
				ENABLE_HARDENED_RUNTIME = NO;
				GENERATE_INFOPLIST_FILE = NO;
				HEADER_SEARCH_PATHS = (
					"$(SRCROOT)/../MDictCore",
					"$(SRCROOT)/../ThirdParty/vendor/mdict-cpp/src",
					"$(SRCROOT)/../ThirdParty/vendor/mdict-cpp/src/include",
					"$(SRCROOT)/../ThirdParty/vendor",
					"$(SRCROOT)/../ThirdParty/vendor/libtomcrypt-ripemd128/include",
					"$(SDKROOT)/usr/include/libxml2",
				);
				INFOPLIST_FILE = Info.plist;
				LD_RUNPATH_SEARCH_PATHS = "$(inherited) @executable_path/../Frameworks";
				MACOSX_DEPLOYMENT_TARGET = 15.0;
				MARKETING_VERSION = 0.1;
				PRODUCT_BUNDLE_IDENTIFIER = com.localdict.LocalDictionary;
				PRODUCT_NAME = LocalDictionary;
				SWIFT_OBJC_BRIDGING_HEADER = "LocalDictionary-Bridging-Header.h";
				SWIFT_VERSION = 5.0;
			};
			name = Release;
		};
/* End XCBuildConfiguration section */

/* Begin XCConfigurationList section */
		F10000000000000000000001 /* Build configuration list for PBXProject "LocalDictionary" */ = {
			isa = XCConfigurationList;
			buildConfigurations = (
				F10000000000000000000003 /* Debug */,
				F10000000000000000000004 /* Release */,
			);
			defaultConfigurationIsVisible = 0;
			defaultConfigurationName = Release;
		};
		F10000000000000000000002 /* Build configuration list for PBXNativeTarget "LocalDictionary" */ = {
			isa = XCConfigurationList;
			buildConfigurations = (
				F10000000000000000000005 /* Debug */,
				F10000000000000000000006 /* Release */,
			);
			defaultConfigurationIsVisible = 0;
			defaultConfigurationName = Release;
		};
/* End XCConfigurationList section */
	};
	rootObject = E10000000000000000000002 /* Project object */;
}
